
Microsoft Visual Studio Solution File, Format Version 12.00
# Visual Studio 15
VisualStudioVersion = 15.0.27130.2036
MinimumVisualStudioVersion = 10.0.40219.1
Project("{FAE04EC0-301F-11D3-BF4B-00C04F79EFBC}") = "TaDaDak", "TaDaDak\TaDaDak.csproj", "{99744060-FDE7-4E76-BE3D-31F8C9CF84A2}"
EndProject
Project("{FAE04EC0-301F-11D3-BF4B-00C04F79EFBC}") = "ToDoDok", "ToDoDok\ToDoDok.csproj", "{FC27907F-834B-420C-B595-85F69B1446FF}"
EndProject
Global
	GlobalSection(SolutionConfigurationPlatforms) = preSolution
		Debug|Any CPU = Debug|Any CPU
		Release|Any CPU = Release|Any CPU
	EndGlobalSection
	GlobalSection(ProjectConfigurationPlatforms) = postSolution
		{99744060-FDE7-4E76-BE3D-31F8C9CF84A2}.Debug|Any CPU.ActiveCfg = Debug|Any CPU
		{99744060-FDE7-4E76-BE3D-31F8C9CF84A2}.Debug|Any CPU.Build.0 = Debug|Any CPU
		{99744060-FDE7-4E76-BE3D-31F8C9CF84A2}.Release|Any CPU.ActiveCfg = Release|Any CPU
		{99744060-FDE7-4E76-BE3D-31F8C9CF84A2}.Release|Any CPU.Build.0 = Release|Any CPU
		{FC27907F-834B-420C-B595-85F69B1446FF}.Debug|Any CPU.ActiveCfg = Debug|Any CPU
		{FC27907F-834B-420C-B595-85F69B1446FF}.Debug|Any CPU.Build.0 = Debug|Any CPU
		{FC27907F-834B-420C-B595-85F69B1446FF}.Release|Any CPU.ActiveCfg = Release|Any CPU
		{FC27907F-834B-420C-B595-85F69B1446FF}.Release|Any CPU.Build.0 = Release|Any CPU
	EndGlobalSection
	GlobalSection(SolutionProperties) = preSolution
		HideSolutionNode = FALSE
	EndGlobalSection
	GlobalSection(ExtensibilityGlobals) = postSolution
		SolutionGuid = {4C910E3B-7450-4780-90D8-4AEBF7C9050D}
	EndGlobalSection
EndGlobal
